
Microsoft Visual Studio Solution File, Format Version 12.00
# Visual Studio Version 17
VisualStudioVersion = 17.0.31903.59
MinimumVisualStudioVersion = 10.0.40219.1
Project("{9A19103F-16F7-4668-BE54-9A1E7A4F7556}") = "BYOC.Data", "BYOC.Data\BYOC.Data.csproj", "{C9116874-74AA-48BD-B15A-C6BBFC15ED77}"
EndProject
Project("{9A19103F-16F7-4668-BE54-9A1E7A4F7556}") = "BYOC.Console", "BYOC.Console\BYOC.Console.csproj", "{0ABDFBD8-A9E6-4502-9E41-F0C777C7D84E}"
EndProject
Project("{9A19103F-16F7-4668-BE54-9A1E7A4F7556}") = "BYOC.Tests", "BYOC.Tests\BYOC.Tests.csproj", "{1D19576C-3688-4D6A-A671-4C4B86C8884C}"
EndProject
Project("{9A19103F-16F7-4668-BE54-9A1E7A4F7556}") = "BYOC.Server", "BYOC.Server\BYOC.Server.csproj", "{026C6FE5-F62C-45F0-AA9F-F56A75364470}"
EndProject
Project("{FAE04EC0-301F-11D3-BF4B-00C04F79EFBC}") = "BYOC.ServerLibrary", "BYOC.ServerLibrary\BYOC.ServerLibrary.csproj", "{9A78B37C-F325-40B5-ADB5-36CAAC897A8D}"
EndProject
Global
	GlobalSection(SolutionConfigurationPlatforms) = preSolution
		Debug|Any CPU = Debug|Any CPU
		Release|Any CPU = Release|Any CPU
	EndGlobalSection
	GlobalSection(ProjectConfigurationPlatforms) = postSolution
		{C9116874-74AA-48BD-B15A-C6BBFC15ED77}.Debug|Any CPU.ActiveCfg = Debug|Any CPU
		{C9116874-74AA-48BD-B15A-C6BBFC15ED77}.Debug|Any CPU.Build.0 = Debug|Any CPU
		{C9116874-74AA-48BD-B15A-C6BBFC15ED77}.Release|Any CPU.ActiveCfg = Release|Any CPU
		{C9116874-74AA-48BD-B15A-C6BBFC15ED77}.Release|Any CPU.Build.0 = Release|Any CPU
		{0ABDFBD8-A9E6-4502-9E41-F0C777C7D84E}.Debug|Any CPU.ActiveCfg = Debug|Any CPU
		{0ABDFBD8-A9E6-4502-9E41-F0C777C7D84E}.Debug|Any CPU.Build.0 = Debug|Any CPU
		{0ABDFBD8-A9E6-4502-9E41-F0C777C7D84E}.Release|Any CPU.ActiveCfg = Release|Any CPU
		{0ABDFBD8-A9E6-4502-9E41-F0C777C7D84E}.Release|Any CPU.Build.0 = Release|Any CPU
		{1D19576C-3688-4D6A-A671-4C4B86C8884C}.Debug|Any CPU.ActiveCfg = Debug|Any CPU
		{1D19576C-3688-4D6A-A671-4C4B86C8884C}.Debug|Any CPU.Build.0 = Debug|Any CPU
		{1D19576C-3688-4D6A-A671-4C4B86C8884C}.Release|Any CPU.ActiveCfg = Release|Any CPU
		{1D19576C-3688-4D6A-A671-4C4B86C8884C}.Release|Any CPU.Build.0 = Release|Any CPU
		{026C6FE5-F62C-45F0-AA9F-F56A75364470}.Debug|Any CPU.ActiveCfg = Debug|Any CPU
		{026C6FE5-F62C-45F0-AA9F-F56A75364470}.Debug|Any CPU.Build.0 = Debug|Any CPU
		{026C6FE5-F62C-45F0-AA9F-F56A75364470}.Release|Any CPU.ActiveCfg = Release|Any CPU
		{026C6FE5-F62C-45F0-AA9F-F56A75364470}.Release|Any CPU.Build.0 = Release|Any CPU
		{9A78B37C-F325-40B5-ADB5-36CAAC897A8D}.Debug|Any CPU.ActiveCfg = Debug|Any CPU
		{9A78B37C-F325-40B5-ADB5-36CAAC897A8D}.Debug|Any CPU.Build.0 = Debug|Any CPU
		{9A78B37C-F325-40B5-ADB5-36CAAC897A8D}.Release|Any CPU.ActiveCfg = Release|Any CPU
		{9A78B37C-F325-40B5-ADB5-36CAAC897A8D}.Release|Any CPU.Build.0 = Release|Any CPU
	EndGlobalSection
	GlobalSection(SolutionProperties) = preSolution
		HideSolutionNode = FALSE
	EndGlobalSection
	GlobalSection(ExtensibilityGlobals) = postSolution
		SolutionGuid = {EB4EB320-C29D-4AC8-9463-A44683A52A3A}
	EndGlobalSection
EndGlobal
